
Microsoft Visual Studio Solution File, Format Version 12.00
# Visual Studio Version 16
VisualStudioVersion = 16.0.29613.14
MinimumVisualStudioVersion = 10.0.40219.1
Project("{2150E333-8FDC-42A3-9474-1A3956D46DE8}") = "Plugins", "Plugins", "{62BCCDDE-9769-4B05-AD31-B29EF4B9B0C0}"
EndProject
Project("{2150E333-8FDC-42A3-9474-1A3956D46DE8}") = "Presentation", "Presentation", "{FBCE9B6B-4DD8-4A3E-AC9F-F97ABE41C037}"
EndProject
Project("{9A19103F-16F7-4668-BE54-9A1E7A4F7556}") = "AlianceOrderTrackMobile", "Presentation\AlianceOrderTrackMobile\AlianceOrderTrackMobile.csproj", "{A4A81DAF-2FF6-4B20-90B9-203A7275F66F}"
EndProject
Project("{FAE04EC0-301F-11D3-BF4B-00C04F79EFBC}") = "AlianceOrderTrackMobile.Android", "Presentation\AlianceOrderTrackMobile.Android\AlianceOrderTrackMobile.Android.csproj", "{298F1813-EDF5-4E97-B90A-A12ACB67B4A6}"
EndProject
Project("{FAE04EC0-301F-11D3-BF4B-00C04F79EFBC}") = "AlianceOrderTrackMobile.iOS", "Presentation\AlianceOrderTrackMobile.iOS\AlianceOrderTrackMobile.iOS.csproj", "{332C26D1-E4F6-4446-BE83-6033035FEBE8}"
EndProject
Project("{FAE04EC0-301F-11D3-BF4B-00C04F79EFBC}") = "XamarinAndoridControl", "Plugins\ImageText\XamarinAndoridControl\XamarinAndoridControl.csproj", "{4749E905-7870-465F-A61F-2E242B1BD0E0}"
EndProject
Project("{9A19103F-16F7-4668-BE54-9A1E7A4F7556}") = "AXamarin", "Plugins\ImageText\XamarinControl\AXamarin.csproj", "{44980980-2CC0-49B5-B92D-0CBD37412C5A}"
EndProject
Project("{FAE04EC0-301F-11D3-BF4B-00C04F79EFBC}") = "XamarinIosControl", "Plugins\ImageText\XamarinIosControl\XamarinIosControl.csproj", "{8275B361-F8B7-4D20-8271-D6C319606782}"
EndProject
Project("{2150E333-8FDC-42A3-9474-1A3956D46DE8}") = "ImageText", "ImageText", "{95F7091E-8CC2-451A-AC5C-A80F258CCD2B}"
EndProject
Project("{9A19103F-16F7-4668-BE54-9A1E7A4F7556}") = "XamarinSharedLibrary", "Plugins\XamarinSharedLibrary\XamarinSharedLibrary.csproj", "{F3B07F50-0BB4-4BA4-A74D-73EA1EF93880}"
EndProject
Project("{FAE04EC0-301F-11D3-BF4B-00C04F79EFBC}") = "XamarinSharedLibrary.And", "Plugins\XamarinSharedLibrary.And\XamarinSharedLibrary.And.csproj", "{0C4559A9-93CD-4BF6-A3D4-B235EBE5DD7C}"
EndProject
Project("{FAE04EC0-301F-11D3-BF4B-00C04F79EFBC}") = "TmsBuinessCommonLibrary", "TmsBuinessCommonLibrary\TmsBuinessCommonLibrary.csproj", "{91244BA6-70B2-415D-A465-5AA27B27810B}"
EndProject
Global
	GlobalSection(SolutionConfigurationPlatforms) = preSolution
		Ad-Hoc|Any CPU = Ad-Hoc|Any CPU
		Ad-Hoc|iPhone = Ad-Hoc|iPhone
		Ad-Hoc|iPhoneSimulator = Ad-Hoc|iPhoneSimulator
		AppStore|Any CPU = AppStore|Any CPU
		AppStore|iPhone = AppStore|iPhone
		AppStore|iPhoneSimulator = AppStore|iPhoneSimulator
		Debug|Any CPU = Debug|Any CPU
		Debug|iPhone = Debug|iPhone
		Debug|iPhoneSimulator = Debug|iPhoneSimulator
		Release|Any CPU = Release|Any CPU
		Release|iPhone = Release|iPhone
		Release|iPhoneSimulator = Release|iPhoneSimulator
	EndGlobalSection
	GlobalSection(ProjectConfigurationPlatforms) = postSolution
		{A4A81DAF-2FF6-4B20-90B9-203A7275F66F}.Ad-Hoc|Any CPU.ActiveCfg = Debug|Any CPU
		{A4A81DAF-2FF6-4B20-90B9-203A7275F66F}.Ad-Hoc|Any CPU.Build.0 = Debug|Any CPU
		{A4A81DAF-2FF6-4B20-90B9-203A7275F66F}.Ad-Hoc|iPhone.ActiveCfg = Debug|Any CPU
		{A4A81DAF-2FF6-4B20-90B9-203A7275F66F}.Ad-Hoc|iPhone.Build.0 = Debug|Any CPU
		{A4A81DAF-2FF6-4B20-90B9-203A7275F66F}.Ad-Hoc|iPhoneSimulator.ActiveCfg = Debug|Any CPU
		{A4A81DAF-2FF6-4B20-90B9-203A7275F66F}.Ad-Hoc|iPhoneSimulator.Build.0 = Debug|Any CPU
		{A4A81DAF-2FF6-4B20-90B9-203A7275F66F}.AppStore|Any CPU.ActiveCfg = Debug|Any CPU
		{A4A81DAF-2FF6-4B20-90B9-203A7275F66F}.AppStore|Any CPU.Build.0 = Debug|Any CPU
		{A4A81DAF-2FF6-4B20-90B9-203A7275F66F}.AppStore|iPhone.ActiveCfg = Debug|Any CPU
		{A4A81DAF-2FF6-4B20-90B9-203A7275F66F}.AppStore|iPhone.Build.0 = Debug|Any CPU
		{A4A81DAF-2FF6-4B20-90B9-203A7275F66F}.AppStore|iPhoneSimulator.ActiveCfg = Debug|Any CPU
		{A4A81DAF-2FF6-4B20-90B9-203A7275F66F}.AppStore|iPhoneSimulator.Build.0 = Debug|Any CPU
		{A4A81DAF-2FF6-4B20-90B9-203A7275F66F}.Debug|Any CPU.ActiveCfg = Debug|Any CPU
		{A4A81DAF-2FF6-4B20-90B9-203A7275F66F}.Debug|Any CPU.Build.0 = Debug|Any CPU
		{A4A81DAF-2FF6-4B20-90B9-203A7275F66F}.Debug|iPhone.ActiveCfg = Debug|Any CPU
		{A4A81DAF-2FF6-4B20-90B9-203A7275F66F}.Debug|iPhone.Build.0 = Debug|Any CPU
		{A4A81DAF-2FF6-4B20-90B9-203A7275F66F}.Debug|iPhoneSimulator.ActiveCfg = Debug|Any CPU
		{A4A81DAF-2FF6-4B20-90B9-203A7275F66F}.Debug|iPhoneSimulator.Build.0 = Debug|Any CPU
		{A4A81DAF-2FF6-4B20-90B9-203A7275F66F}.Release|Any CPU.ActiveCfg = Release|Any CPU
		{A4A81DAF-2FF6-4B20-90B9-203A7275F66F}.Release|Any CPU.Build.0 = Release|Any CPU
		{A4A81DAF-2FF6-4B20-90B9-203A7275F66F}.Release|iPhone.ActiveCfg = Release|Any CPU
		{A4A81DAF-2FF6-4B20-90B9-203A7275F66F}.Release|iPhone.Build.0 = Release|Any CPU
		{A4A81DAF-2FF6-4B20-90B9-203A7275F66F}.Release|iPhoneSimulator.ActiveCfg = Release|Any CPU
		{A4A81DAF-2FF6-4B20-90B9-203A7275F66F}.Release|iPhoneSimulator.Build.0 = Release|Any CPU
		{298F1813-EDF5-4E97-B90A-A12ACB67B4A6}.Ad-Hoc|Any CPU.ActiveCfg = Release|Any CPU
		{298F1813-EDF5-4E97-B90A-A12ACB67B4A6}.Ad-Hoc|Any CPU.Build.0 = Release|Any CPU
		{298F1813-EDF5-4E97-B90A-A12ACB67B4A6}.Ad-Hoc|Any CPU.Deploy.0 = Release|Any CPU
		{298F1813-EDF5-4E97-B90A-A12ACB67B4A6}.Ad-Hoc|iPhone.ActiveCfg = Release|Any CPU
		{298F1813-EDF5-4E97-B90A-A12ACB67B4A6}.Ad-Hoc|iPhone.Build.0 = Release|Any CPU
		{298F1813-EDF5-4E97-B90A-A12ACB67B4A6}.Ad-Hoc|iPhone.Deploy.0 = Release|Any CPU
		{298F1813-EDF5-4E97-B90A-A12ACB67B4A6}.Ad-Hoc|iPhoneSimulator.ActiveCfg = Release|Any CPU
		{298F1813-EDF5-4E97-B90A-A12ACB67B4A6}.Ad-Hoc|iPhoneSimulator.Build.0 = Release|Any CPU
		{298F1813-EDF5-4E97-B90A-A12ACB67B4A6}.Ad-Hoc|iPhoneSimulator.Deploy.0 = Release|Any CPU
		{298F1813-EDF5-4E97-B90A-A12ACB67B4A6}.AppStore|Any CPU.ActiveCfg = Release|Any CPU
		{298F1813-EDF5-4E97-B90A-A12ACB67B4A6}.AppStore|Any CPU.Build.0 = Release|Any CPU
		{298F1813-EDF5-4E97-B90A-A12ACB67B4A6}.AppStore|Any CPU.Deploy.0 = Release|Any CPU
		{298F1813-EDF5-4E97-B90A-A12ACB67B4A6}.AppStore|iPhone.ActiveCfg = Release|Any CPU
		{298F1813-EDF5-4E97-B90A-A12ACB67B4A6}.AppStore|iPhone.Build.0 = Release|Any CPU
		{298F1813-EDF5-4E97-B90A-A12ACB67B4A6}.AppStore|iPhone.Deploy.0 = Release|Any CPU
		{298F1813-EDF5-4E97-B90A-A12ACB67B4A6}.AppStore|iPhoneSimulator.ActiveCfg = Release|Any CPU
		{298F1813-EDF5-4E97-B90A-A12ACB67B4A6}.AppStore|iPhoneSimulator.Build.0 = Release|Any CPU
		{298F1813-EDF5-4E97-B90A-A12ACB67B4A6}.AppStore|iPhoneSimulator.Deploy.0 = Release|Any CPU
		{298F1813-EDF5-4E97-B90A-A12ACB67B4A6}.Debug|Any CPU.ActiveCfg = Debug|Any CPU
		{298F1813-EDF5-4E97-B90A-A12ACB67B4A6}.Debug|Any CPU.Build.0 = Debug|Any CPU
		{298F1813-EDF5-4E97-B90A-A12ACB67B4A6}.Debug|Any CPU.Deploy.0 = Debug|Any CPU
		{298F1813-EDF5-4E97-B90A-A12ACB67B4A6}.Debug|iPhone.ActiveCfg = Debug|Any CPU
		{298F1813-EDF5-4E97-B90A-A12ACB67B4A6}.Debug|iPhone.Build.0 = Debug|Any CPU
		{298F1813-EDF5-4E97-B90A-A12ACB67B4A6}.Debug|iPhone.Deploy.0 = Debug|Any CPU
		{298F1813-EDF5-4E97-B90A-A12ACB67B4A6}.Debug|iPhoneSimulator.ActiveCfg = Debug|Any CPU
		{298F1813-EDF5-4E97-B90A-A12ACB67B4A6}.Debug|iPhoneSimulator.Build.0 = Debug|Any CPU
		{298F1813-EDF5-4E97-B90A-A12ACB67B4A6}.Debug|iPhoneSimulator.Deploy.0 = Debug|Any CPU
		{298F1813-EDF5-4E97-B90A-A12ACB67B4A6}.Release|Any CPU.ActiveCfg = Release|Any CPU
		{298F1813-EDF5-4E97-B90A-A12ACB67B4A6}.Release|Any CPU.Build.0 = Release|Any CPU
		{298F1813-EDF5-4E97-B90A-A12ACB67B4A6}.Release|Any CPU.Deploy.0 = Release|Any CPU
		{298F1813-EDF5-4E97-B90A-A12ACB67B4A6}.Release|iPhone.ActiveCfg = Release|Any CPU
		{298F1813-EDF5-4E97-B90A-A12ACB67B4A6}.Release|iPhone.Build.0 = Release|Any CPU
		{298F1813-EDF5-4E97-B90A-A12ACB67B4A6}.Release|iPhone.Deploy.0 = Release|Any CPU
		{298F1813-EDF5-4E97-B90A-A12ACB67B4A6}.Release|iPhoneSimulator.ActiveCfg = Release|Any CPU
		{298F1813-EDF5-4E97-B90A-A12ACB67B4A6}.Release|iPhoneSimulator.Build.0 = Release|Any CPU
		{298F1813-EDF5-4E97-B90A-A12ACB67B4A6}.Release|iPhoneSimulator.Deploy.0 = Release|Any CPU
		{332C26D1-E4F6-4446-BE83-6033035FEBE8}.Ad-Hoc|Any CPU.ActiveCfg = Ad-Hoc|iPhone
		{332C26D1-E4F6-4446-BE83-6033035FEBE8}.Ad-Hoc|iPhone.ActiveCfg = Ad-Hoc|iPhone
		{332C26D1-E4F6-4446-BE83-6033035FEBE8}.Ad-Hoc|iPhone.Build.0 = Ad-Hoc|iPhone
		{332C26D1-E4F6-4446-BE83-6033035FEBE8}.Ad-Hoc|iPhoneSimulator.ActiveCfg = Ad-Hoc|iPhoneSimulator
		{332C26D1-E4F6-4446-BE83-6033035FEBE8}.Ad-Hoc|iPhoneSimulator.Build.0 = Ad-Hoc|iPhoneSimulator
		{332C26D1-E4F6-4446-BE83-6033035FEBE8}.AppStore|Any CPU.ActiveCfg = AppStore|iPhone
		{332C26D1-E4F6-4446-BE83-6033035FEBE8}.AppStore|iPhone.ActiveCfg = AppStore|iPhone
		{332C26D1-E4F6-4446-BE83-6033035FEBE8}.AppStore|iPhone.Build.0 = AppStore|iPhone
		{332C26D1-E4F6-4446-BE83-6033035FEBE8}.AppStore|iPhoneSimulator.ActiveCfg = AppStore|iPhoneSimulator
		{332C26D1-E4F6-4446-BE83-6033035FEBE8}.AppStore|iPhoneSimulator.Build.0 = AppStore|iPhoneSimulator
		{332C26D1-E4F6-4446-BE83-6033035FEBE8}.Debug|Any CPU.ActiveCfg = Debug|iPhone
		{332C26D1-E4F6-4446-BE83-6033035FEBE8}.Debug|iPhone.ActiveCfg = Debug|iPhone
		{332C26D1-E4F6-4446-BE83-6033035FEBE8}.Debug|iPhone.Build.0 = Debug|iPhone
		{332C26D1-E4F6-4446-BE83-6033035FEBE8}.Debug|iPhoneSimulator.ActiveCfg = Debug|iPhoneSimulator
		{332C26D1-E4F6-4446-BE83-6033035FEBE8}.Debug|iPhoneSimulator.Build.0 = Debug|iPhoneSimulator
		{332C26D1-E4F6-4446-BE83-6033035FEBE8}.Release|Any CPU.ActiveCfg = Release|iPhone
		{332C26D1-E4F6-4446-BE83-6033035FEBE8}.Release|iPhone.ActiveCfg = Release|iPhone
		{332C26D1-E4F6-4446-BE83-6033035FEBE8}.Release|iPhone.Build.0 = Release|iPhone
		{332C26D1-E4F6-4446-BE83-6033035FEBE8}.Release|iPhoneSimulator.ActiveCfg = Release|iPhoneSimulator
		{332C26D1-E4F6-4446-BE83-6033035FEBE8}.Release|iPhoneSimulator.Build.0 = Release|iPhoneSimulator
		{4749E905-7870-465F-A61F-2E242B1BD0E0}.Ad-Hoc|Any CPU.ActiveCfg = Release|Any CPU
		{4749E905-7870-465F-A61F-2E242B1BD0E0}.Ad-Hoc|Any CPU.Build.0 = Release|Any CPU
		{4749E905-7870-465F-A61F-2E242B1BD0E0}.Ad-Hoc|iPhone.ActiveCfg = Release|Any CPU
		{4749E905-7870-465F-A61F-2E242B1BD0E0}.Ad-Hoc|iPhone.Build.0 = Release|Any CPU
		{4749E905-7870-465F-A61F-2E242B1BD0E0}.Ad-Hoc|iPhoneSimulator.ActiveCfg = Release|Any CPU
		{4749E905-7870-465F-A61F-2E242B1BD0E0}.Ad-Hoc|iPhoneSimulator.Build.0 = Release|Any CPU
		{4749E905-7870-465F-A61F-2E242B1BD0E0}.AppStore|Any CPU.ActiveCfg = Release|Any CPU
		{4749E905-7870-465F-A61F-2E242B1BD0E0}.AppStore|Any CPU.Build.0 = Release|Any CPU
		{4749E905-7870-465F-A61F-2E242B1BD0E0}.AppStore|iPhone.ActiveCfg = Release|Any CPU
		{4749E905-7870-465F-A61F-2E242B1BD0E0}.AppStore|iPhone.Build.0 = Release|Any CPU
		{4749E905-7870-465F-A61F-2E242B1BD0E0}.AppStore|iPhoneSimulator.ActiveCfg = Release|Any CPU
		{4749E905-7870-465F-A61F-2E242B1BD0E0}.AppStore|iPhoneSimulator.Build.0 = Release|Any CPU
		{4749E905-7870-465F-A61F-2E242B1BD0E0}.Debug|Any CPU.ActiveCfg = Debug|Any CPU
		{4749E905-7870-465F-A61F-2E242B1BD0E0}.Debug|Any CPU.Build.0 = Debug|Any CPU
		{4749E905-7870-465F-A61F-2E242B1BD0E0}.Debug|iPhone.ActiveCfg = Debug|Any CPU
		{4749E905-7870-465F-A61F-2E242B1BD0E0}.Debug|iPhone.Build.0 = Debug|Any CPU
		{4749E905-7870-465F-A61F-2E242B1BD0E0}.Debug|iPhoneSimulator.ActiveCfg = Debug|Any CPU
		{4749E905-7870-465F-A61F-2E242B1BD0E0}.Debug|iPhoneSimulator.Build.0 = Debug|Any CPU
		{4749E905-7870-465F-A61F-2E242B1BD0E0}.Release|Any CPU.ActiveCfg = Release|Any CPU
		{4749E905-7870-465F-A61F-2E242B1BD0E0}.Release|Any CPU.Build.0 = Release|Any CPU
		{4749E905-7870-465F-A61F-2E242B1BD0E0}.Release|iPhone.ActiveCfg = Release|Any CPU
		{4749E905-7870-465F-A61F-2E242B1BD0E0}.Release|iPhone.Build.0 = Release|Any CPU
		{4749E905-7870-465F-A61F-2E242B1BD0E0}.Release|iPhoneSimulator.ActiveCfg = Release|Any CPU
		{4749E905-7870-465F-A61F-2E242B1BD0E0}.Release|iPhoneSimulator.Build.0 = Release|Any CPU
		{44980980-2CC0-49B5-B92D-0CBD37412C5A}.Ad-Hoc|Any CPU.ActiveCfg = Debug|Any CPU
		{44980980-2CC0-49B5-B92D-0CBD37412C5A}.Ad-Hoc|Any CPU.Build.0 = Debug|Any CPU
		{44980980-2CC0-49B5-B92D-0CBD37412C5A}.Ad-Hoc|iPhone.ActiveCfg = Debug|Any CPU
		{44980980-2CC0-49B5-B92D-0CBD37412C5A}.Ad-Hoc|iPhone.Build.0 = Debug|Any CPU
		{44980980-2CC0-49B5-B92D-0CBD37412C5A}.Ad-Hoc|iPhoneSimulator.ActiveCfg = Debug|Any CPU
		{44980980-2CC0-49B5-B92D-0CBD37412C5A}.Ad-Hoc|iPhoneSimulator.Build.0 = Debug|Any CPU
		{44980980-2CC0-49B5-B92D-0CBD37412C5A}.AppStore|Any CPU.ActiveCfg = Debug|Any CPU
		{44980980-2CC0-49B5-B92D-0CBD37412C5A}.AppStore|Any CPU.Build.0 = Debug|Any CPU
		{44980980-2CC0-49B5-B92D-0CBD37412C5A}.AppStore|iPhone.ActiveCfg = Debug|Any CPU
		{44980980-2CC0-49B5-B92D-0CBD37412C5A}.AppStore|iPhone.Build.0 = Debug|Any CPU
		{44980980-2CC0-49B5-B92D-0CBD37412C5A}.AppStore|iPhoneSimulator.ActiveCfg = Debug|Any CPU
		{44980980-2CC0-49B5-B92D-0CBD37412C5A}.AppStore|iPhoneSimulator.Build.0 = Debug|Any CPU
		{44980980-2CC0-49B5-B92D-0CBD37412C5A}.Debug|Any CPU.ActiveCfg = Debug|Any CPU
		{44980980-2CC0-49B5-B92D-0CBD37412C5A}.Debug|Any CPU.Build.0 = Debug|Any CPU
		{44980980-2CC0-49B5-B92D-0CBD37412C5A}.Debug|iPhone.ActiveCfg = Debug|Any CPU
		{44980980-2CC0-49B5-B92D-0CBD37412C5A}.Debug|iPhone.Build.0 = Debug|Any CPU
		{44980980-2CC0-49B5-B92D-0CBD37412C5A}.Debug|iPhoneSimulator.ActiveCfg = Debug|Any CPU
		{44980980-2CC0-49B5-B92D-0CBD37412C5A}.Debug|iPhoneSimulator.Build.0 = Debug|Any CPU
		{44980980-2CC0-49B5-B92D-0CBD37412C5A}.Release|Any CPU.ActiveCfg = Release|Any CPU
		{44980980-2CC0-49B5-B92D-0CBD37412C5A}.Release|Any CPU.Build.0 = Release|Any CPU
		{44980980-2CC0-49B5-B92D-0CBD37412C5A}.Release|iPhone.ActiveCfg = Release|Any CPU
		{44980980-2CC0-49B5-B92D-0CBD37412C5A}.Release|iPhone.Build.0 = Release|Any CPU
		{44980980-2CC0-49B5-B92D-0CBD37412C5A}.Release|iPhoneSimulator.ActiveCfg = Release|Any CPU
		{44980980-2CC0-49B5-B92D-0CBD37412C5A}.Release|iPhoneSimulator.Build.0 = Release|Any CPU
		{8275B361-F8B7-4D20-8271-D6C319606782}.Ad-Hoc|Any CPU.ActiveCfg = Release|Any CPU
		{8275B361-F8B7-4D20-8271-D6C319606782}.Ad-Hoc|Any CPU.Build.0 = Release|Any CPU
		{8275B361-F8B7-4D20-8271-D6C319606782}.Ad-Hoc|iPhone.ActiveCfg = Release|Any CPU
		{8275B361-F8B7-4D20-8271-D6C319606782}.Ad-Hoc|iPhone.Build.0 = Release|Any CPU
		{8275B361-F8B7-4D20-8271-D6C319606782}.Ad-Hoc|iPhoneSimulator.ActiveCfg = Release|Any CPU
		{8275B361-F8B7-4D20-8271-D6C319606782}.Ad-Hoc|iPhoneSimulator.Build.0 = Release|Any CPU
		{8275B361-F8B7-4D20-8271-D6C319606782}.AppStore|Any CPU.ActiveCfg = Release|Any CPU
		{8275B361-F8B7-4D20-8271-D6C319606782}.AppStore|Any CPU.Build.0 = Release|Any CPU
		{8275B361-F8B7-4D20-8271-D6C319606782}.AppStore|iPhone.ActiveCfg = Release|Any CPU
		{8275B361-F8B7-4D20-8271-D6C319606782}.AppStore|iPhone.Build.0 = Release|Any CPU
		{8275B361-F8B7-4D20-8271-D6C319606782}.AppStore|iPhoneSimulator.ActiveCfg = Release|Any CPU
		{8275B361-F8B7-4D20-8271-D6C319606782}.AppStore|iPhoneSimulator.Build.0 = Release|Any CPU
		{8275B361-F8B7-4D20-8271-D6C319606782}.Debug|Any CPU.ActiveCfg = Debug|Any CPU
		{8275B361-F8B7-4D20-8271-D6C319606782}.Debug|Any CPU.Build.0 = Debug|Any CPU
		{8275B361-F8B7-4D20-8271-D6C319606782}.Debug|iPhone.ActiveCfg = Debug|Any CPU
		{8275B361-F8B7-4D20-8271-D6C319606782}.Debug|iPhone.Build.0 = Debug|Any CPU
		{8275B361-F8B7-4D20-8271-D6C319606782}.Debug|iPhoneSimulator.ActiveCfg = Debug|Any CPU
		{8275B361-F8B7-4D20-8271-D6C319606782}.Debug|iPhoneSimulator.Build.0 = Debug|Any CPU
		{8275B361-F8B7-4D20-8271-D6C319606782}.Release|Any CPU.ActiveCfg = Release|Any CPU
		{8275B361-F8B7-4D20-8271-D6C319606782}.Release|Any CPU.Build.0 = Release|Any CPU
		{8275B361-F8B7-4D20-8271-D6C319606782}.Release|iPhone.ActiveCfg = Release|Any CPU
		{8275B361-F8B7-4D20-8271-D6C319606782}.Release|iPhone.Build.0 = Release|Any CPU
		{8275B361-F8B7-4D20-8271-D6C319606782}.Release|iPhoneSimulator.ActiveCfg = Release|Any CPU
		{8275B361-F8B7-4D20-8271-D6C319606782}.Release|iPhoneSimulator.Build.0 = Release|Any CPU
		{F3B07F50-0BB4-4BA4-A74D-73EA1EF93880}.Ad-Hoc|Any CPU.ActiveCfg = Debug|Any CPU
		{F3B07F50-0BB4-4BA4-A74D-73EA1EF93880}.Ad-Hoc|Any CPU.Build.0 = Debug|Any CPU
		{F3B07F50-0BB4-4BA4-A74D-73EA1EF93880}.Ad-Hoc|iPhone.ActiveCfg = Debug|Any CPU
		{F3B07F50-0BB4-4BA4-A74D-73EA1EF93880}.Ad-Hoc|iPhone.Build.0 = Debug|Any CPU
		{F3B07F50-0BB4-4BA4-A74D-73EA1EF93880}.Ad-Hoc|iPhoneSimulator.ActiveCfg = Debug|Any CPU
		{F3B07F50-0BB4-4BA4-A74D-73EA1EF93880}.Ad-Hoc|iPhoneSimulator.Build.0 = Debug|Any CPU
		{F3B07F50-0BB4-4BA4-A74D-73EA1EF93880}.AppStore|Any CPU.ActiveCfg = Debug|Any CPU
		{F3B07F50-0BB4-4BA4-A74D-73EA1EF93880}.AppStore|Any CPU.Build.0 = Debug|Any CPU
		{F3B07F50-0BB4-4BA4-A74D-73EA1EF93880}.AppStore|iPhone.ActiveCfg = Debug|Any CPU
		{F3B07F50-0BB4-4BA4-A74D-73EA1EF93880}.AppStore|iPhone.Build.0 = Debug|Any CPU
		{F3B07F50-0BB4-4BA4-A74D-73EA1EF93880}.AppStore|iPhoneSimulator.ActiveCfg = Debug|Any CPU
		{F3B07F50-0BB4-4BA4-A74D-73EA1EF93880}.AppStore|iPhoneSimulator.Build.0 = Debug|Any CPU
		{F3B07F50-0BB4-4BA4-A74D-73EA1EF93880}.Debug|Any CPU.ActiveCfg = Debug|Any CPU
		{F3B07F50-0BB4-4BA4-A74D-73EA1EF93880}.Debug|Any CPU.Build.0 = Debug|Any CPU
		{F3B07F50-0BB4-4BA4-A74D-73EA1EF93880}.Debug|iPhone.ActiveCfg = Debug|Any CPU
		{F3B07F50-0BB4-4BA4-A74D-73EA1EF93880}.Debug|iPhone.Build.0 = Debug|Any CPU
		{F3B07F50-0BB4-4BA4-A74D-73EA1EF93880}.Debug|iPhoneSimulator.ActiveCfg = Debug|Any CPU
		{F3B07F50-0BB4-4BA4-A74D-73EA1EF93880}.Debug|iPhoneSimulator.Build.0 = Debug|Any CPU
		{F3B07F50-0BB4-4BA4-A74D-73EA1EF93880}.Release|Any CPU.ActiveCfg = Release|Any CPU
		{F3B07F50-0BB4-4BA4-A74D-73EA1EF93880}.Release|Any CPU.Build.0 = Release|Any CPU
		{F3B07F50-0BB4-4BA4-A74D-73EA1EF93880}.Release|iPhone.ActiveCfg = Release|Any CPU
		{F3B07F50-0BB4-4BA4-A74D-73EA1EF93880}.Release|iPhone.Build.0 = Release|Any CPU
		{F3B07F50-0BB4-4BA4-A74D-73EA1EF93880}.Release|iPhoneSimulator.ActiveCfg = Release|Any CPU
		{F3B07F50-0BB4-4BA4-A74D-73EA1EF93880}.Release|iPhoneSimulator.Build.0 = Release|Any CPU
		{0C4559A9-93CD-4BF6-A3D4-B235EBE5DD7C}.Ad-Hoc|Any CPU.ActiveCfg = Release|Any CPU
		{0C4559A9-93CD-4BF6-A3D4-B235EBE5DD7C}.Ad-Hoc|Any CPU.Build.0 = Release|Any CPU
		{0C4559A9-93CD-4BF6-A3D4-B235EBE5DD7C}.Ad-Hoc|iPhone.ActiveCfg = Release|Any CPU
		{0C4559A9-93CD-4BF6-A3D4-B235EBE5DD7C}.Ad-Hoc|iPhone.Build.0 = Release|Any CPU
		{0C4559A9-93CD-4BF6-A3D4-B235EBE5DD7C}.Ad-Hoc|iPhoneSimulator.ActiveCfg = Release|Any CPU
		{0C4559A9-93CD-4BF6-A3D4-B235EBE5DD7C}.Ad-Hoc|iPhoneSimulator.Build.0 = Release|Any CPU
		{0C4559A9-93CD-4BF6-A3D4-B235EBE5DD7C}.AppStore|Any CPU.ActiveCfg = Release|Any CPU
		{0C4559A9-93CD-4BF6-A3D4-B235EBE5DD7C}.AppStore|Any CPU.Build.0 = Release|Any CPU
		{0C4559A9-93CD-4BF6-A3D4-B235EBE5DD7C}.AppStore|iPhone.ActiveCfg = Release|Any CPU
		{0C4559A9-93CD-4BF6-A3D4-B235EBE5DD7C}.AppStore|iPhone.Build.0 = Release|Any CPU
		{0C4559A9-93CD-4BF6-A3D4-B235EBE5DD7C}.AppStore|iPhoneSimulator.ActiveCfg = Release|Any CPU
		{0C4559A9-93CD-4BF6-A3D4-B235EBE5DD7C}.AppStore|iPhoneSimulator.Build.0 = Release|Any CPU
		{0C4559A9-93CD-4BF6-A3D4-B235EBE5DD7C}.Debug|Any CPU.ActiveCfg = Debug|Any CPU
		{0C4559A9-93CD-4BF6-A3D4-B235EBE5DD7C}.Debug|Any CPU.Build.0 = Debug|Any CPU
		{0C4559A9-93CD-4BF6-A3D4-B235EBE5DD7C}.Debug|iPhone.ActiveCfg = Debug|Any CPU
		{0C4559A9-93CD-4BF6-A3D4-B235EBE5DD7C}.Debug|iPhone.Build.0 = Debug|Any CPU
		{0C4559A9-93CD-4BF6-A3D4-B235EBE5DD7C}.Debug|iPhoneSimulator.ActiveCfg = Debug|Any CPU
		{0C4559A9-93CD-4BF6-A3D4-B235EBE5DD7C}.Debug|iPhoneSimulator.Build.0 = Debug|Any CPU
		{0C4559A9-93CD-4BF6-A3D4-B235EBE5DD7C}.Release|Any CPU.ActiveCfg = Release|Any CPU
		{0C4559A9-93CD-4BF6-A3D4-B235EBE5DD7C}.Release|Any CPU.Build.0 = Release|Any CPU
		{0C4559A9-93CD-4BF6-A3D4-B235EBE5DD7C}.Release|iPhone.ActiveCfg = Release|Any CPU
		{0C4559A9-93CD-4BF6-A3D4-B235EBE5DD7C}.Release|iPhone.Build.0 = Release|Any CPU
		{0C4559A9-93CD-4BF6-A3D4-B235EBE5DD7C}.Release|iPhoneSimulator.ActiveCfg = Release|Any CPU
		{0C4559A9-93CD-4BF6-A3D4-B235EBE5DD7C}.Release|iPhoneSimulator.Build.0 = Release|Any CPU
		{91244BA6-70B2-415D-A465-5AA27B27810B}.Ad-Hoc|Any CPU.ActiveCfg = Debug|Any CPU
		{91244BA6-70B2-415D-A465-5AA27B27810B}.Ad-Hoc|Any CPU.Build.0 = Debug|Any CPU
		{91244BA6-70B2-415D-A465-5AA27B27810B}.Ad-Hoc|iPhone.ActiveCfg = Debug|Any CPU
		{91244BA6-70B2-415D-A465-5AA27B27810B}.Ad-Hoc|iPhone.Build.0 = Debug|Any CPU
		{91244BA6-70B2-415D-A465-5AA27B27810B}.Ad-Hoc|iPhoneSimulator.ActiveCfg = Debug|Any CPU
		{91244BA6-70B2-415D-A465-5AA27B27810B}.Ad-Hoc|iPhoneSimulator.Build.0 = Debug|Any CPU
		{91244BA6-70B2-415D-A465-5AA27B27810B}.AppStore|Any CPU.ActiveCfg = Debug|Any CPU
		{91244BA6-70B2-415D-A465-5AA27B27810B}.AppStore|Any CPU.Build.0 = Debug|Any CPU
		{91244BA6-70B2-415D-A465-5AA27B27810B}.AppStore|iPhone.ActiveCfg = Debug|Any CPU
		{91244BA6-70B2-415D-A465-5AA27B27810B}.AppStore|iPhone.Build.0 = Debug|Any CPU
		{91244BA6-70B2-415D-A465-5AA27B27810B}.AppStore|iPhoneSimulator.ActiveCfg = Debug|Any CPU
		{91244BA6-70B2-415D-A465-5AA27B27810B}.AppStore|iPhoneSimulator.Build.0 = Debug|Any CPU
		{91244BA6-70B2-415D-A465-5AA27B27810B}.Debug|Any CPU.ActiveCfg = Debug|Any CPU
		{91244BA6-70B2-415D-A465-5AA27B27810B}.Debug|Any CPU.Build.0 = Debug|Any CPU
		{91244BA6-70B2-415D-A465-5AA27B27810B}.Debug|iPhone.ActiveCfg = Debug|Any CPU
		{91244BA6-70B2-415D-A465-5AA27B27810B}.Debug|iPhone.Build.0 = Debug|Any CPU
		{91244BA6-70B2-415D-A465-5AA27B27810B}.Debug|iPhoneSimulator.ActiveCfg = Debug|Any CPU
		{91244BA6-70B2-415D-A465-5AA27B27810B}.Debug|iPhoneSimulator.Build.0 = Debug|Any CPU
		{91244BA6-70B2-415D-A465-5AA27B27810B}.Release|Any CPU.ActiveCfg = Release|Any CPU
		{91244BA6-70B2-415D-A465-5AA27B27810B}.Release|Any CPU.Build.0 = Release|Any CPU
		{91244BA6-70B2-415D-A465-5AA27B27810B}.Release|iPhone.ActiveCfg = Release|Any CPU
		{91244BA6-70B2-415D-A465-5AA27B27810B}.Release|iPhone.Build.0 = Release|Any CPU
		{91244BA6-70B2-415D-A465-5AA27B27810B}.Release|iPhoneSimulator.ActiveCfg = Release|Any CPU
		{91244BA6-70B2-415D-A465-5AA27B27810B}.Release|iPhoneSimulator.Build.0 = Release|Any CPU
	EndGlobalSection
	GlobalSection(SolutionProperties) = preSolution
		HideSolutionNode = FALSE
	EndGlobalSection
	GlobalSection(NestedProjects) = preSolution
		{A4A81DAF-2FF6-4B20-90B9-203A7275F66F} = {FBCE9B6B-4DD8-4A3E-AC9F-F97ABE41C037}
		{298F1813-EDF5-4E97-B90A-A12ACB67B4A6} = {FBCE9B6B-4DD8-4A3E-AC9F-F97ABE41C037}
		{332C26D1-E4F6-4446-BE83-6033035FEBE8} = {FBCE9B6B-4DD8-4A3E-AC9F-F97ABE41C037}
		{4749E905-7870-465F-A61F-2E242B1BD0E0} = {95F7091E-8CC2-451A-AC5C-A80F258CCD2B}
		{44980980-2CC0-49B5-B92D-0CBD37412C5A} = {95F7091E-8CC2-451A-AC5C-A80F258CCD2B}
		{8275B361-F8B7-4D20-8271-D6C319606782} = {95F7091E-8CC2-451A-AC5C-A80F258CCD2B}
		{95F7091E-8CC2-451A-AC5C-A80F258CCD2B} = {62BCCDDE-9769-4B05-AD31-B29EF4B9B0C0}
		{F3B07F50-0BB4-4BA4-A74D-73EA1EF93880} = {62BCCDDE-9769-4B05-AD31-B29EF4B9B0C0}
		{0C4559A9-93CD-4BF6-A3D4-B235EBE5DD7C} = {62BCCDDE-9769-4B05-AD31-B29EF4B9B0C0}
		{91244BA6-70B2-415D-A465-5AA27B27810B} = {62BCCDDE-9769-4B05-AD31-B29EF4B9B0C0}
	EndGlobalSection
	GlobalSection(ExtensibilityGlobals) = postSolution
		SolutionGuid = {1E8D8832-18D5-46D8-836C-7015575EB0D9}
	EndGlobalSection
EndGlobal
